<?xml version="1.0" encoding="utf-8"?>
<Project ToolsVersion="4.0" xmlns="http://schemas.microsoft.com/developer/msbuild/2003">
  <ItemGroup>
    <Filter Include="Source Files">
      <UniqueIdentifier>{4FC737F1-C7A5-4376-A066-2A32D752A2FF}</UniqueIdentifier>
      <Extensions>cpp;cxx;c;def</Extensions>
    </Filter>
    <Filter Include="Header Files">
      <UniqueIdentifier>{93995380-89BD-4b04-88EB-625FBE52EBFB}</UniqueIdentifier>
      <Extensions>h</Extensions>
    </Filter>
    <Filter Include="Form Files">
      <UniqueIdentifier>{99349809-55BA-4b9d-BF79-8FDBB0286EB3}</UniqueIdentifier>
      <Extensions>ui</Extensions>
    </Filter>
    <Filter Include="Resource Files">
      <UniqueIdentifier>{D9D6E242-F8AF-46E4-B9FD-80ECBC20BA3E}</UniqueIdentifier>
      <Extensions>qrc;*</Extensions>
      <ParseFiles>false</ParseFiles>
    </Filter>
    <Filter Include="Generated Files">
      <UniqueIdentifier>{71ED8ED8-ACB9-4CE9-BBE1-E00B30144E11}</UniqueIdentifier>
      <Extensions>moc;h;cpp</Extensions>
      <SourceControlFiles>False</SourceControlFiles>
    </Filter>
    <Filter Include="Generated Files\Debug">
      <UniqueIdentifier>{4697bc09-3330-48d3-9623-bbd3d86ae24b}</UniqueIdentifier>
      <Extensions>cpp;moc</Extensions>
      <SourceControlFiles>False</SourceControlFiles>
    </Filter>
    <Filter Include="Generated Files\Release">
      <UniqueIdentifier>{a63e1620-4dec-492c-b38c-0ce6d88a3e0d}</UniqueIdentifier>
      <Extensions>cpp;moc</Extensions>
      <SourceControlFiles>False</SourceControlFiles>
    </Filter>
  </ItemGroup>
  <ItemGroup>
    <ClCompile Include="main.cpp">
      <Filter>Source Files</Filter>
    </ClCompile>
    <ClCompile Include="drawcarwheeltest.cpp">
      <Filter>Source Files</Filter>
    </ClCompile>
    <ClCompile Include="GeneratedFiles\Debug\moc_drawcarwheeltest.cpp">
      <Filter>Generated Files\Debug</Filter>
    </ClCompile>
    <ClCompile Include="GeneratedFiles\Release\moc_drawcarwheeltest.cpp">
      <Filter>Generated Files\Release</Filter>
    </ClCompile>
    <ClCompile Include="GeneratedFiles\qrc_drawcarwheeltest.cpp">
      <Filter>Generated Files</Filter>
    </ClCompile>
    <ClCompile Include="ShaderProgram.cpp">
      <Filter>Source Files</Filter>
    </ClCompile>
    <ClCompile Include="Wheel.cpp">
      <Filter>Source Files</Filter>
    </ClCompile>
    <ClCompile Include="Mesh.cpp">
      <Filter>Source Files</Filter>
    </ClCompile>
    <ClCompile Include="geometryengine.cpp">
      <Filter>Source Files</Filter>
    </ClCompile>
    <ClCompile Include="qworldopenglwidget.cpp">
      <Filter>Source Files</Filter>
    </ClCompile>
    <ClCompile Include="GeneratedFiles\Debug\moc_qworldopenglwidget.cpp">
      <Filter>Generated Files\Debug</Filter>
    </ClCompile>
    <ClCompile Include="GeneratedFiles\Release\moc_qworldopenglwidget.cpp">
      <Filter>Generated Files\Release</Filter>
    </ClCompile>
    <ClCompile Include="RoamingCamera.cpp">
      <Filter>Source Files</Filter>
    </ClCompile>
    <ClCompile Include="EulerAngleCamera.cpp">
      <Filter>Source Files</Filter>
    </ClCompile>
    <ClCompile Include="stb_image.cpp">
      <Filter>Source Files</Filter>
    </ClCompile>
    <ClCompile Include="LoadModel.cpp">
      <Filter>Source Files</Filter>
    </ClCompile>
    <ClCompile Include="QuaternionsCamera.cpp">
      <Filter>Source Files</Filter>
    </ClCompile>
    <ClCompile Include="WorldEngine.cpp">
      <Filter>Source Files</Filter>
    </ClCompile>
    <ClCompile Include="coordinateaxis.cpp">
      <Filter>Source Files</Filter>
    </ClCompile>
    <ClCompile Include="qgotowidget.cpp">
      <Filter>Source Files</Filter>
    </ClCompile>
    <ClCompile Include="GeneratedFiles\Debug\moc_qgotowidget.cpp">
      <Filter>Generated Files\Debug</Filter>
    </ClCompile>
    <ClCompile Include="GeneratedFiles\Release\moc_qgotowidget.cpp">
      <Filter>Generated Files\Release</Filter>
    </ClCompile>
    <ClCompile Include="GeneratedFiles\Debug\moc_qlocalspreadopenglwidget.cpp">
      <Filter>Generated Files\Debug</Filter>
    </ClCompile>
    <ClCompile Include="GeneratedFiles\Release\moc_qlocalspreadopenglwidget.cpp">
      <Filter>Generated Files\Release</Filter>
    </ClCompile>
    <ClCompile Include="LocalSpreadEngine.cpp">
      <Filter>Source Files</Filter>
    </ClCompile>
    <ClCompile Include="qlocalspreadopenglwidget.cpp">
      <Filter>Source Files</Filter>
    </ClCompile>
    <ClCompile Include="GeneratedFiles\Debug\moc_qlocalspreadmainwindow.cpp">
      <Filter>Generated Files\Debug</Filter>
    </ClCompile>
    <ClCompile Include="GeneratedFiles\Release\moc_qlocalspreadmainwindow.cpp">
      <Filter>Generated Files\Release</Filter>
    </ClCompile>
    <ClCompile Include="GeneratedFiles\Debug\moc_qworldtrainmainwindow.cpp">
      <Filter>Generated Files\Debug</Filter>
    </ClCompile>
    <ClCompile Include="GeneratedFiles\Release\moc_qworldtrainmainwindow.cpp">
      <Filter>Generated Files\Release</Filter>
    </ClCompile>
    <ClCompile Include="qworldtrainmainwindow.cpp">
      <Filter>Source Files</Filter>
    </ClCompile>
    <ClCompile Include="qlocalspreadmainwindow.cpp">
      <Filter>Source Files</Filter>
    </ClCompile>
    <ClCompile Include="GeneratedFiles\Debug\moc_qlocalopenglwidget.cpp">
      <Filter>Generated Files\Debug</Filter>
    </ClCompile>
    <ClCompile Include="GeneratedFiles\Release\moc_qlocalopenglwidget.cpp">
      <Filter>Generated Files\Release</Filter>
    </ClCompile>
    <ClCompile Include="qlocalopenglwidget.cpp">
      <Filter>Source Files</Filter>
    </ClCompile>
    <ClCompile Include="LocalEngine.cpp">
      <Filter>Source Files</Filter>
    </ClCompile>
    <ClCompile Include="GeneratedFiles\Debug\moc_qtwoopenglmainwindow.cpp">
      <Filter>Generated Files\Debug</Filter>
    </ClCompile>
    <ClCompile Include="GeneratedFiles\Release\moc_qtwoopenglmainwindow.cpp">
      <Filter>Generated Files\Release</Filter>
    </ClCompile>
    <ClCompile Include="GeneratedFiles\Debug\moc_qlocalmainwindow.cpp">
      <Filter>Generated Files\Debug</Filter>
    </ClCompile>
    <ClCompile Include="GeneratedFiles\Release\moc_qlocalmainwindow.cpp">
      <Filter>Generated Files\Release</Filter>
    </ClCompile>
    <ClCompile Include="qlocalmainwindow.cpp">
      <Filter>Source Files</Filter>
    </ClCompile>
    <ClCompile Include="GeneratedFiles\Debug\moc_qlocalspread2dwidget.cpp">
      <Filter>Generated Files\Debug</Filter>
    </ClCompile>
    <ClCompile Include="GeneratedFiles\Release\moc_qlocalspread2dwidget.cpp">
      <Filter>Generated Files\Release</Filter>
    </ClCompile>
    <ClCompile Include="qtwoopenglmainwindow.cpp">
      <Filter>Source Files</Filter>
    </ClCompile>
    <ClCompile Include="qlocalspread2dwidget.cpp">
      <Filter>Source Files</Filter>
    </ClCompile>
    <ClCompile Include="Line.cpp">
      <Filter>Source Files</Filter>
    </ClCompile>
    <ClCompile Include="Ruler.cpp">
      <Filter>Source Files</Filter>
    </ClCompile>
    <ClCompile Include="TextPointObject.cpp">
      <Filter>Source Files</Filter>
    </ClCompile>
    <ClCompile Include="Font.cpp">
      <Filter>Source Files</Filter>
    </ClCompile>
    <ClCompile Include="Text.cpp">
      <Filter>Source Files</Filter>
    </ClCompile>
    <ClCompile Include="CartesianCoordinate.cpp">
      <Filter>Source Files</Filter>
    </ClCompile>
    <ClCompile Include="PolarCoordinate.cpp">
      <Filter>Source Files</Filter>
    </ClCompile>
    <ClCompile Include="OpenglPointMsg.cpp">
      <Filter>Source Files</Filter>
    </ClCompile>
    <ClCompile Include="ColorGradientStrip.cpp">
      <Filter>Source Files</Filter>
    </ClCompile>
    <ClCompile Include="Train.cpp">
      <Filter>Source Files</Filter>
    </ClCompile>
    <ClCompile Include="Train2D.cpp">
      <Filter>Source Files</Filter>
    </ClCompile>
    <ClCompile Include="CadLib\dl_dxf.cpp">
      <Filter>Source Files</Filter>
    </ClCompile>
    <ClCompile Include="CadLib\dl_writer_ascii.cpp">
      <Filter>Source Files</Filter>
    </ClCompile>
    <ClCompile Include="DxfStandardFlangeTreadMsgMaker.cpp">
      <Filter>Source Files</Filter>
    </ClCompile>
    <ClCompile Include="DxfCircle.cpp">
      <Filter>Source Files</Filter>
    </ClCompile>
    <ClCompile Include="DxfFloatPlantMsgMaker.cpp">
      <Filter>Source Files</Filter>
    </ClCompile>
    <ClCompile Include="DxfLine.cpp">
      <Filter>Source Files</Filter>
    </ClCompile>
    <ClCompile Include="DxfPolygon.cpp">
      <Filter>Source Files</Filter>
    </ClCompile>
    <ClCompile Include="DxfReader.cpp">
      <Filter>Source Files</Filter>
    </ClCompile>
    <ClCompile Include="FilePath.cpp">
      <Filter>Source Files</Filter>
    </ClCompile>
    <ClCompile Include="qtestwidget.cpp">
      <Filter>Source Files</Filter>
    </ClCompile>
    <ClCompile Include="qlocalspreadopenglwidgetthread.cpp">
      <Filter>Source Files</Filter>
    </ClCompile>
    <ClCompile Include="qlocalopenglwidgetthread.cpp">
      <Filter>Source Files</Filter>
    </ClCompile>
    <ClCompile Include="GeneratedFiles\Debug\moc_qlocalopenglwidgetthread.cpp">
      <Filter>Generated Files\Debug</Filter>
    </ClCompile>
    <ClCompile Include="GeneratedFiles\Release\moc_qlocalopenglwidgetthread.cpp">
      <Filter>Generated Files\Release</Filter>
    </ClCompile>
    <ClCompile Include="GeneratedFiles\Debug\moc_qlocalspreadopenglwidgetthread.cpp">
      <Filter>Generated Files\Debug</Filter>
    </ClCompile>
    <ClCompile Include="GeneratedFiles\Release\moc_qlocalspreadopenglwidgetthread.cpp">
      <Filter>Generated Files\Release</Filter>
    </ClCompile>
  </ItemGroup>
  <ItemGroup>
    <CustomBuild Include="drawcarwheeltest.h">
      <Filter>Header Files</Filter>
    </CustomBuild>
    <CustomBuild Include="drawcarwheeltest.ui">
      <Filter>Form Files</Filter>
    </CustomBuild>
    <CustomBuild Include="drawcarwheeltest.qrc">
      <Filter>Resource Files</Filter>
    </CustomBuild>
    <CustomBuild Include="qtwoopenglwidget.ui">
      <Filter>Form Files</Filter>
    </CustomBuild>
    <CustomBuild Include="qworldopenglwidget.hpp">
      <Filter>Header Files</Filter>
    </CustomBuild>
    <CustomBuild Include="dlgtrain3d.ui">
      <Filter>Form Files</Filter>
    </CustomBuild>
    <CustomBuild Include="qgotowidget.h">
      <Filter>Header Files</Filter>
    </CustomBuild>
    <CustomBuild Include="qlocalspreadopenglwidget.hpp">
      <Filter>Header Files</Filter>
    </CustomBuild>
    <CustomBuild Include="qlocalspreadmainwindow.hpp">
      <Filter>Header Files</Filter>
    </CustomBuild>
    <CustomBuild Include="qworldtrainmainwindow.hpp">
      <Filter>Header Files</Filter>
    </CustomBuild>
    <CustomBuild Include="qlocalopenglwidget.hpp">
      <Filter>Header Files</Filter>
    </CustomBuild>
    <CustomBuild Include="qtwoopenglmainwindow.hpp">
      <Filter>Header Files</Filter>
    </CustomBuild>
    <CustomBuild Include="qlocalmainwindow.h">
      <Filter>Header Files</Filter>
    </CustomBuild>
    <CustomBuild Include="qlocalspread2dwidget.hpp">
      <Filter>Header Files</Filter>
    </CustomBuild>
    <CustomBuild Include="qlocalopenglwidgetthread.h">
      <Filter>Header Files</Filter>
    </CustomBuild>
    <CustomBuild Include="qlocalspreadopenglwidgetthread.h">
      <Filter>Header Files</Filter>
    </CustomBuild>
  </ItemGroup>
  <ItemGroup>
    <ClInclude Include="GeneratedFiles\ui_drawcarwheeltest.h">
      <Filter>Generated Files</Filter>
    </ClInclude>
    <ClInclude Include="geometryengine.hpp">
      <Filter>Header Files</Filter>
    </ClInclude>
    <ClInclude Include="Mesh.h">
      <Filter>Header Files</Filter>
    </ClInclude>
    <ClInclude Include="Vertex.h">
      <Filter>Header Files</Filter>
    </ClInclude>
    <ClInclude Include="Wheel.h">
      <Filter>Header Files</Filter>
    </ClInclude>
    <ClInclude Include="ShaderProgram.h">
      <Filter>Header Files</Filter>
    </ClInclude>
    <ClInclude Include="Polar.h">
      <Filter>Header Files</Filter>
    </ClInclude>
    <ClInclude Include="GeneratedFiles\ui_qtwoopenglwidget.h">
      <Filter>Generated Files</Filter>
    </ClInclude>
    <ClInclude Include="RoamingCamera.h">
      <Filter>Header Files</Filter>
    </ClInclude>
    <ClInclude Include="EulerAngleCamera.h">
      <Filter>Header Files</Filter>
    </ClInclude>
    <ClInclude Include="QuaternionsCamera.h">
      <Filter>Header Files</Filter>
    </ClInclude>
    <ClInclude Include="GeneratedFiles\ui_dlgtrain3d.h">
      <Filter>Header Files</Filter>
    </ClInclude>
    <ClInclude Include="Texture.h">
      <Filter>Header Files</Filter>
    </ClInclude>
    <ClInclude Include="stb_image.h">
      <Filter>Header Files</Filter>
    </ClInclude>
    <ClInclude Include="Object.h">
      <Filter>Header Files</Filter>
    </ClInclude>
    <ClInclude Include="LoadModel.h">
      <Filter>Header Files</Filter>
    </ClInclude>
    <ClInclude Include="WorldEngine.h">
      <Filter>Header Files</Filter>
    </ClInclude>
    <ClInclude Include="coordinateaxis.h">
      <Filter>Header Files</Filter>
    </ClInclude>
    <ClInclude Include="LocalSpreadEngine.h">
      <Filter>Header Files</Filter>
    </ClInclude>
    <ClInclude Include="Range.h">
      <Filter>Header Files</Filter>
    </ClInclude>
    <ClInclude Include="PickMsg.h">
      <Filter>Header Files</Filter>
    </ClInclude>
    <ClInclude Include="Engine_inl.h">
      <Filter>Header Files</Filter>
    </ClInclude>
    <ClInclude Include="FilePath.h">
      <Filter>Header Files</Filter>
    </ClInclude>
    <ClInclude Include="LocalEngine.h">
      <Filter>Header Files</Filter>
    </ClInclude>
    <ClInclude Include="WheelObject.h">
      <Filter>Header Files</Filter>
    </ClInclude>
    <ClInclude Include="Line.h">
      <Filter>Header Files</Filter>
    </ClInclude>
    <ClInclude Include="Ruler.h">
      <Filter>Header Files</Filter>
    </ClInclude>
    <ClInclude Include="OpenglPointMsg.h">
      <Filter>Header Files</Filter>
    </ClInclude>
    <ClInclude Include="TextPointObject.h">
      <Filter>Header Files</Filter>
    </ClInclude>
    <ClInclude Include="Text.h">
      <Filter>Header Files</Filter>
    </ClInclude>
    <ClInclude Include="Font.h">
      <Filter>Header Files</Filter>
    </ClInclude>
    <ClInclude Include="MeshObject.h">
      <Filter>Header Files</Filter>
    </ClInclude>
    <ClInclude Include="LineObject.h">
      <Filter>Header Files</Filter>
    </ClInclude>
    <ClInclude Include="CoordinateObject.h">
      <Filter>Header Files</Filter>
    </ClInclude>
    <ClInclude Include="CartesianCoordinate.h">
      <Filter>Header Files</Filter>
    </ClInclude>
    <ClInclude Include="PolarCoordinate.h">
      <Filter>Header Files</Filter>
    </ClInclude>
    <ClInclude Include="Mark.h">
      <Filter>Header Files</Filter>
    </ClInclude>
    <ClInclude Include="ColorGradientStrip.h">
      <Filter>Header Files</Filter>
    </ClInclude>
    <ClInclude Include="Train.h">
      <Filter>Header Files</Filter>
    </ClInclude>
    <ClInclude Include="Train2D.h">
      <Filter>Header Files</Filter>
    </ClInclude>
    <ClInclude Include="CadLib\dl_attributes.h">
      <Filter>Header Files</Filter>
    </ClInclude>
    <ClInclude Include="CadLib\dl_codes.h">
      <Filter>Header Files</Filter>
    </ClInclude>
    <ClInclude Include="CadLib\dl_creationadapter.h">
      <Filter>Header Files</Filter>
    </ClInclude>
    <ClInclude Include="CadLib\dl_creationinterface.h">
      <Filter>Header Files</Filter>
    </ClInclude>
    <ClInclude Include="CadLib\dl_dxf.h">
      <Filter>Header Files</Filter>
    </ClInclude>
    <ClInclude Include="CadLib\dl_entities.h">
      <Filter>Header Files</Filter>
    </ClInclude>
    <ClInclude Include="CadLib\dl_exception.h">
      <Filter>Header Files</Filter>
    </ClInclude>
    <ClInclude Include="CadLib\dl_extrusion.h">
      <Filter>Header Files</Filter>
    </ClInclude>
    <ClInclude Include="CadLib\dl_global.h">
      <Filter>Header Files</Filter>
    </ClInclude>
    <ClInclude Include="CadLib\dl_writer.h">
      <Filter>Header Files</Filter>
    </ClInclude>
    <ClInclude Include="CadLib\dl_writer_ascii.h">
      <Filter>Header Files</Filter>
    </ClInclude>
    <ClInclude Include="DxfCircle.h">
      <Filter>Header Files</Filter>
    </ClInclude>
    <ClInclude Include="DxfFloatPlantMsgMaker.h">
      <Filter>Header Files</Filter>
    </ClInclude>
    <ClInclude Include="DxfIPolygon.h">
      <Filter>Header Files</Filter>
    </ClInclude>
    <ClInclude Include="DxfLine.h">
      <Filter>Header Files</Filter>
    </ClInclude>
    <ClInclude Include="DxfPoint.h">
      <Filter>Header Files</Filter>
    </ClInclude>
    <ClInclude Include="DxfPolygon.h">
      <Filter>Header Files</Filter>
    </ClInclude>
    <ClInclude Include="DxfReader.h">
      <Filter>Header Files</Filter>
    </ClInclude>
    <ClInclude Include="DxfStandardFlangeTreadMsgMaker.h">
      <Filter>Header Files</Filter>
    </ClInclude>
    <ClInclude Include="qtestwidget.h">
      <Filter>Header Files</Filter>
    </ClInclude>
  </ItemGroup>
</Project>